
Microsoft Visual Studio Solution File, Format Version 12.00
# Visual Studio Version 16
VisualStudioVersion = 16.0.31205.134
MinimumVisualStudioVersion = 10.0.40219.1
Project("{FAE04EC0-301F-11D3-BF4B-00C04F79EFBC}") = "GridTutorial.Android", "GridTutorial\GridTutorial.Android\GridTutorial.Android.csproj", "{3D8DCBE7-50E8-41AF-8C70-A504241ADBF7}"
EndProject
Project("{FAE04EC0-301F-11D3-BF4B-00C04F79EFBC}") = "GridTutorial.iOS", "GridTutorial\GridTutorial.iOS\GridTutorial.iOS.csproj", "{2E3BB77A-64D2-4E49-A09C-9878400E9561}"
EndProject
Project("{FAE04EC0-301F-11D3-BF4B-00C04F79EFBC}") = "GridTutorial", "GridTutorial\GridTutorial\GridTutorial.csproj", "{1B455761-37B5-462F-8B4D-A677A5165ECC}"
EndProject
Global
	GlobalSection(SolutionConfigurationPlatforms) = preSolution
		Debug|Any CPU = Debug|Any CPU
		Debug|iPhone = Debug|iPhone
		Debug|iPhoneSimulator = Debug|iPhoneSimulator
		Release|Any CPU = Release|Any CPU
		Release|iPhone = Release|iPhone
		Release|iPhoneSimulator = Release|iPhoneSimulator
	EndGlobalSection
	GlobalSection(ProjectConfigurationPlatforms) = postSolution
		{3D8DCBE7-50E8-41AF-8C70-A504241ADBF7}.Debug|Any CPU.ActiveCfg = Debug|Any CPU
		{3D8DCBE7-50E8-41AF-8C70-A504241ADBF7}.Debug|Any CPU.Build.0 = Debug|Any CPU
		{3D8DCBE7-50E8-41AF-8C70-A504241ADBF7}.Debug|Any CPU.Deploy.0 = Debug|Any CPU
		{3D8DCBE7-50E8-41AF-8C70-A504241ADBF7}.Debug|iPhone.ActiveCfg = Debug|Any CPU
		{3D8DCBE7-50E8-41AF-8C70-A504241ADBF7}.Debug|iPhone.Build.0 = Debug|Any CPU
		{3D8DCBE7-50E8-41AF-8C70-A504241ADBF7}.Debug|iPhone.Deploy.0 = Debug|Any CPU
		{3D8DCBE7-50E8-41AF-8C70-A504241ADBF7}.Debug|iPhoneSimulator.ActiveCfg = Debug|Any CPU
		{3D8DCBE7-50E8-41AF-8C70-A504241ADBF7}.Debug|iPhoneSimulator.Build.0 = Debug|Any CPU
		{3D8DCBE7-50E8-41AF-8C70-A504241ADBF7}.Debug|iPhoneSimulator.Deploy.0 = Debug|Any CPU
		{3D8DCBE7-50E8-41AF-8C70-A504241ADBF7}.Release|Any CPU.ActiveCfg = Release|Any CPU
		{3D8DCBE7-50E8-41AF-8C70-A504241ADBF7}.Release|Any CPU.Build.0 = Release|Any CPU
		{3D8DCBE7-50E8-41AF-8C70-A504241ADBF7}.Release|Any CPU.Deploy.0 = Release|Any CPU
		{3D8DCBE7-50E8-41AF-8C70-A504241ADBF7}.Release|iPhone.ActiveCfg = Release|Any CPU
		{3D8DCBE7-50E8-41AF-8C70-A504241ADBF7}.Release|iPhone.Build.0 = Release|Any CPU
		{3D8DCBE7-50E8-41AF-8C70-A504241ADBF7}.Release|iPhone.Deploy.0 = Release|Any CPU
		{3D8DCBE7-50E8-41AF-8C70-A504241ADBF7}.Release|iPhoneSimulator.ActiveCfg = Release|Any CPU
		{3D8DCBE7-50E8-41AF-8C70-A504241ADBF7}.Release|iPhoneSimulator.Build.0 = Release|Any CPU
		{3D8DCBE7-50E8-41AF-8C70-A504241ADBF7}.Release|iPhoneSimulator.Deploy.0 = Release|Any CPU
		{2E3BB77A-64D2-4E49-A09C-9878400E9561}.Debug|Any CPU.ActiveCfg = Debug|iPhone
		{2E3BB77A-64D2-4E49-A09C-9878400E9561}.Debug|Any CPU.Build.0 = Debug|iPhone
		{2E3BB77A-64D2-4E49-A09C-9878400E9561}.Debug|Any CPU.Deploy.0 = Debug|iPhone
		{2E3BB77A-64D2-4E49-A09C-9878400E9561}.Debug|iPhone.ActiveCfg = Debug|iPhone
		{2E3BB77A-64D2-4E49-A09C-9878400E9561}.Debug|iPhone.Build.0 = Debug|iPhone
		{2E3BB77A-64D2-4E49-A09C-9878400E9561}.Debug|iPhone.Deploy.0 = Debug|iPhone
		{2E3BB77A-64D2-4E49-A09C-9878400E9561}.Debug|iPhoneSimulator.ActiveCfg = Debug|iPhoneSimulator
		{2E3BB77A-64D2-4E49-A09C-9878400E9561}.Debug|iPhoneSimulator.Build.0 = Debug|iPhoneSimulator
		{2E3BB77A-64D2-4E49-A09C-9878400E9561}.Debug|iPhoneSimulator.Deploy.0 = Debug|iPhoneSimulator
		{2E3BB77A-64D2-4E49-A09C-9878400E9561}.Release|Any CPU.ActiveCfg = Release|iPhoneSimulator
		{2E3BB77A-64D2-4E49-A09C-9878400E9561}.Release|Any CPU.Build.0 = Release|iPhoneSimulator
		{2E3BB77A-64D2-4E49-A09C-9878400E9561}.Release|Any CPU.Deploy.0 = Release|iPhoneSimulator
		{2E3BB77A-64D2-4E49-A09C-9878400E9561}.Release|iPhone.ActiveCfg = Release|iPhone
		{2E3BB77A-64D2-4E49-A09C-9878400E9561}.Release|iPhone.Build.0 = Release|iPhone
		{2E3BB77A-64D2-4E49-A09C-9878400E9561}.Release|iPhone.Deploy.0 = Release|iPhone
		{2E3BB77A-64D2-4E49-A09C-9878400E9561}.Release|iPhoneSimulator.ActiveCfg = Release|iPhoneSimulator
		{2E3BB77A-64D2-4E49-A09C-9878400E9561}.Release|iPhoneSimulator.Build.0 = Release|iPhoneSimulator
		{2E3BB77A-64D2-4E49-A09C-9878400E9561}.Release|iPhoneSimulator.Deploy.0 = Release|iPhoneSimulator
		{1B455761-37B5-462F-8B4D-A677A5165ECC}.Debug|Any CPU.ActiveCfg = Debug|Any CPU
		{1B455761-37B5-462F-8B4D-A677A5165ECC}.Debug|Any CPU.Build.0 = Debug|Any CPU
		{1B455761-37B5-462F-8B4D-A677A5165ECC}.Debug|Any CPU.Deploy.0 = Debug|Any CPU
		{1B455761-37B5-462F-8B4D-A677A5165ECC}.Debug|iPhone.ActiveCfg = Debug|Any CPU
		{1B455761-37B5-462F-8B4D-A677A5165ECC}.Debug|iPhone.Build.0 = Debug|Any CPU
		{1B455761-37B5-462F-8B4D-A677A5165ECC}.Debug|iPhone.Deploy.0 = Debug|Any CPU
		{1B455761-37B5-462F-8B4D-A677A5165ECC}.Debug|iPhoneSimulator.ActiveCfg = Debug|Any CPU
		{1B455761-37B5-462F-8B4D-A677A5165ECC}.Debug|iPhoneSimulator.Build.0 = Debug|Any CPU
		{1B455761-37B5-462F-8B4D-A677A5165ECC}.Debug|iPhoneSimulator.Deploy.0 = Debug|Any CPU
		{1B455761-37B5-462F-8B4D-A677A5165ECC}.Release|Any CPU.ActiveCfg = Release|Any CPU
		{1B455761-37B5-462F-8B4D-A677A5165ECC}.Release|Any CPU.Build.0 = Release|Any CPU
		{1B455761-37B5-462F-8B4D-A677A5165ECC}.Release|Any CPU.Deploy.0 = Release|Any CPU
		{1B455761-37B5-462F-8B4D-A677A5165ECC}.Release|iPhone.ActiveCfg = Release|Any CPU
		{1B455761-37B5-462F-8B4D-A677A5165ECC}.Release|iPhone.Build.0 = Release|Any CPU
		{1B455761-37B5-462F-8B4D-A677A5165ECC}.Release|iPhone.Deploy.0 = Release|Any CPU
		{1B455761-37B5-462F-8B4D-A677A5165ECC}.Release|iPhoneSimulator.ActiveCfg = Release|Any CPU
		{1B455761-37B5-462F-8B4D-A677A5165ECC}.Release|iPhoneSimulator.Build.0 = Release|Any CPU
		{1B455761-37B5-462F-8B4D-A677A5165ECC}.Release|iPhoneSimulator.Deploy.0 = Release|Any CPU
	EndGlobalSection
	GlobalSection(SolutionProperties) = preSolution
		HideSolutionNode = FALSE
	EndGlobalSection
	GlobalSection(ExtensibilityGlobals) = postSolution
		SolutionGuid = {D754A935-22B9-4654-AAC2-8CC20069293C}
	EndGlobalSection
EndGlobal
